
Microsoft Visual Studio Solution File, Format Version 12.00
# Visual Studio 15
VisualStudioVersion = 15.0.28010.2016
MinimumVisualStudioVersion = 10.0.40219.1
Project("{FAE04EC0-301F-11D3-BF4B-00C04F79EFBC}") = "SM64CakeEater", "SM64CakeEater\SM64CakeEater.csproj", "{6C357364-B9A2-42F6-9D04-5386F7E500FD}"
EndProject
Global
	GlobalSection(SolutionConfigurationPlatforms) = preSolution
		Debug|Any CPU = Debug|Any CPU
		Release|Any CPU = Release|Any CPU
	EndGlobalSection
	GlobalSection(ProjectConfigurationPlatforms) = postSolution
		{6C357364-B9A2-42F6-9D04-5386F7E500FD}.Debug|Any CPU.ActiveCfg = Debug|Any CPU
		{6C357364-B9A2-42F6-9D04-5386F7E500FD}.Debug|Any CPU.Build.0 = Debug|Any CPU
		{6C357364-B9A2-42F6-9D04-5386F7E500FD}.Release|Any CPU.ActiveCfg = Release|Any CPU
		{6C357364-B9A2-42F6-9D04-5386F7E500FD}.Release|Any CPU.Build.0 = Release|Any CPU
	EndGlobalSection
	GlobalSection(SolutionProperties) = preSolution
		HideSolutionNode = FALSE
	EndGlobalSection
	GlobalSection(ExtensibilityGlobals) = postSolution
		SolutionGuid = {81FFB701-CE02-4C8F-AF73-E2DF270238C1}
	EndGlobalSection
EndGlobal
